
Microsoft Visual Studio Solution File, Format Version 12.00
# Visual Studio 15
VisualStudioVersion = 15.0.28010.2026
MinimumVisualStudioVersion = 10.0.40219.1
Project("{8BC9CEB8-8B4A-11D0-8D11-00A0C91BC942}") = "Project4", "Project4\Project4.vcxproj", "{C0251434-F0AD-42E2-A304-CBF2BD026FD9}"
EndProject
Global
	GlobalSection(SolutionConfigurationPlatforms) = preSolution
		Debug|x64 = Debug|x64
		Debug|x86 = Debug|x86
		Release|x64 = Release|x64
		Release|x86 = Release|x86
	EndGlobalSection
	GlobalSection(ProjectConfigurationPlatforms) = postSolution
		{C0251434-F0AD-42E2-A304-CBF2BD026FD9}.Debug|x64.ActiveCfg = Debug|x64
		{C0251434-F0AD-42E2-A304-CBF2BD026FD9}.Debug|x64.Build.0 = Debug|x64
		{C0251434-F0AD-42E2-A304-CBF2BD026FD9}.Debug|x86.ActiveCfg = Debug|Win32
		{C0251434-F0AD-42E2-A304-CBF2BD026FD9}.Debug|x86.Build.0 = Debug|Win32
		{C0251434-F0AD-42E2-A304-CBF2BD026FD9}.Release|x64.ActiveCfg = Release|x64
		{C0251434-F0AD-42E2-A304-CBF2BD026FD9}.Release|x64.Build.0 = Release|x64
		{C0251434-F0AD-42E2-A304-CBF2BD026FD9}.Release|x86.ActiveCfg = Release|Win32
		{C0251434-F0AD-42E2-A304-CBF2BD026FD9}.Release|x86.Build.0 = Release|Win32
	EndGlobalSection
	GlobalSection(SolutionProperties) = preSolution
		HideSolutionNode = FALSE
	EndGlobalSection
	GlobalSection(ExtensibilityGlobals) = postSolution
		SolutionGuid = {4F4FC5A0-AC15-4484-B757-D5EE7700F8FE}
	EndGlobalSection
EndGlobal
